
Microsoft Visual Studio Solution File, Format Version 12.00
# Visual Studio Version 17
VisualStudioVersion = 17.14.37012.4 d17.14
MinimumVisualStudioVersion = 10.0.40219.1
Project("{8BC9CEB8-8B4A-11D0-8D11-00A0C91BC942}") = "L20260528_FlatBuffer", "L20260528_FlatBuffer.vcxproj", "{1C2584D5-DF22-4D67-9978-24AA1E2AAA6A}"
EndProject
Global
	GlobalSection(SolutionConfigurationPlatforms) = preSolution
		Debug|x64 = Debug|x64
		Debug|x86 = Debug|x86
		Release|x64 = Release|x64
		Release|x86 = Release|x86
	EndGlobalSection
	GlobalSection(ProjectConfigurationPlatforms) = postSolution
		{1C2584D5-DF22-4D67-9978-24AA1E2AAA6A}.Debug|x64.ActiveCfg = Debug|x64
		{1C2584D5-DF22-4D67-9978-24AA1E2AAA6A}.Debug|x64.Build.0 = Debug|x64
		{1C2584D5-DF22-4D67-9978-24AA1E2AAA6A}.Debug|x86.ActiveCfg = Debug|Win32
		{1C2584D5-DF22-4D67-9978-24AA1E2AAA6A}.Debug|x86.Build.0 = Debug|Win32
		{1C2584D5-DF22-4D67-9978-24AA1E2AAA6A}.Release|x64.ActiveCfg = Release|x64
		{1C2584D5-DF22-4D67-9978-24AA1E2AAA6A}.Release|x64.Build.0 = Release|x64
		{1C2584D5-DF22-4D67-9978-24AA1E2AAA6A}.Release|x86.ActiveCfg = Release|Win32
		{1C2584D5-DF22-4D67-9978-24AA1E2AAA6A}.Release|x86.Build.0 = Release|Win32
	EndGlobalSection
	GlobalSection(SolutionProperties) = preSolution
		HideSolutionNode = FALSE
	EndGlobalSection
	GlobalSection(ExtensibilityGlobals) = postSolution
		SolutionGuid = {2EE1FAE2-C59E-4CBB-940E-468DED6E8ED6}
	EndGlobalSection
EndGlobal
